
Microsoft Visual Studio Solution File, Format Version 12.00
# Visual Studio Version 17
VisualStudioVersion = 17.1.32210.238
MinimumVisualStudioVersion = 10.0.40219.1
Project("{FAE04EC0-301F-11D3-BF4B-00C04F79EFBC}") = "HW-3", "HW-3\HW-3.csproj", "{1D66AE58-7429-4EDB-A647-646B24B16209}"
EndProject
Global
	GlobalSection(SolutionConfigurationPlatforms) = preSolution
		Debug|Any CPU = Debug|Any CPU
		Release|Any CPU = Release|Any CPU
	EndGlobalSection
	GlobalSection(ProjectConfigurationPlatforms) = postSolution
		{1D66AE58-7429-4EDB-A647-646B24B16209}.Debug|Any CPU.ActiveCfg = Debug|Any CPU
		{1D66AE58-7429-4EDB-A647-646B24B16209}.Debug|Any CPU.Build.0 = Debug|Any CPU
		{1D66AE58-7429-4EDB-A647-646B24B16209}.Release|Any CPU.ActiveCfg = Release|Any CPU
		{1D66AE58-7429-4EDB-A647-646B24B16209}.Release|Any CPU.Build.0 = Release|Any CPU
	EndGlobalSection
	GlobalSection(SolutionProperties) = preSolution
		HideSolutionNode = FALSE
	EndGlobalSection
	GlobalSection(ExtensibilityGlobals) = postSolution
		SolutionGuid = {F59A9D41-709D-4ACC-BDF9-0CEFACCB294D}
	EndGlobalSection
EndGlobal
