
Microsoft Visual Studio Solution File, Format Version 12.00
# Visual Studio Version 17
VisualStudioVersion = 17.1.32210.238
MinimumVisualStudioVersion = 10.0.40219.1
Project("{FAE04EC0-301F-11D3-BF4B-00C04F79EFBC}") = "HW2-4", "HW2-4\HW2-4.csproj", "{6E6E6A1B-F22C-443D-8CA8-E3119F1570C9}"
EndProject
Global
	GlobalSection(SolutionConfigurationPlatforms) = preSolution
		Debug|Any CPU = Debug|Any CPU
		Release|Any CPU = Release|Any CPU
	EndGlobalSection
	GlobalSection(ProjectConfigurationPlatforms) = postSolution
		{6E6E6A1B-F22C-443D-8CA8-E3119F1570C9}.Debug|Any CPU.ActiveCfg = Debug|Any CPU
		{6E6E6A1B-F22C-443D-8CA8-E3119F1570C9}.Debug|Any CPU.Build.0 = Debug|Any CPU
		{6E6E6A1B-F22C-443D-8CA8-E3119F1570C9}.Release|Any CPU.ActiveCfg = Release|Any CPU
		{6E6E6A1B-F22C-443D-8CA8-E3119F1570C9}.Release|Any CPU.Build.0 = Release|Any CPU
	EndGlobalSection
	GlobalSection(SolutionProperties) = preSolution
		HideSolutionNode = FALSE
	EndGlobalSection
	GlobalSection(ExtensibilityGlobals) = postSolution
		SolutionGuid = {D3692865-92C7-4C17-A3A5-EDF50BFC28EC}
	EndGlobalSection
EndGlobal
