
Microsoft Visual Studio Solution File, Format Version 12.00
# Visual Studio Version 17
VisualStudioVersion = 17.1.32210.238
MinimumVisualStudioVersion = 10.0.40219.1
Project("{FAE04EC0-301F-11D3-BF4B-00C04F79EFBC}") = "HW3-5", "HW3-5\HW3-5.csproj", "{0162716F-DA83-467E-A762-11BDA4A07989}"
EndProject
Global
	GlobalSection(SolutionConfigurationPlatforms) = preSolution
		Debug|Any CPU = Debug|Any CPU
		Release|Any CPU = Release|Any CPU
	EndGlobalSection
	GlobalSection(ProjectConfigurationPlatforms) = postSolution
		{0162716F-DA83-467E-A762-11BDA4A07989}.Debug|Any CPU.ActiveCfg = Debug|Any CPU
		{0162716F-DA83-467E-A762-11BDA4A07989}.Debug|Any CPU.Build.0 = Debug|Any CPU
		{0162716F-DA83-467E-A762-11BDA4A07989}.Release|Any CPU.ActiveCfg = Release|Any CPU
		{0162716F-DA83-467E-A762-11BDA4A07989}.Release|Any CPU.Build.0 = Release|Any CPU
	EndGlobalSection
	GlobalSection(SolutionProperties) = preSolution
		HideSolutionNode = FALSE
	EndGlobalSection
	GlobalSection(ExtensibilityGlobals) = postSolution
		SolutionGuid = {DCAC3108-46FD-4CFC-BA60-A756AB896ACD}
	EndGlobalSection
EndGlobal
